
Microsoft Visual Studio Solution File, Format Version 12.00
# Visual Studio Version 16
VisualStudioVersion = 16.0.32510.428
MinimumVisualStudioVersion = 10.0.40219.1
Project("{FAE04EC0-301F-11D3-BF4B-00C04F79EFBC}") = "Calculator", "Calculator\Calculator.csproj", "{080E7409-8EEE-489A-BDBC-FE3FBEBB098C}"
EndProject
Global
	GlobalSection(SolutionConfigurationPlatforms) = preSolution
		Debug|Any CPU = Debug|Any CPU
		Release|Any CPU = Release|Any CPU
	EndGlobalSection
	GlobalSection(ProjectConfigurationPlatforms) = postSolution
		{080E7409-8EEE-489A-BDBC-FE3FBEBB098C}.Debug|Any CPU.ActiveCfg = Debug|Any CPU
		{080E7409-8EEE-489A-BDBC-FE3FBEBB098C}.Debug|Any CPU.Build.0 = Debug|Any CPU
		{080E7409-8EEE-489A-BDBC-FE3FBEBB098C}.Release|Any CPU.ActiveCfg = Release|Any CPU
		{080E7409-8EEE-489A-BDBC-FE3FBEBB098C}.Release|Any CPU.Build.0 = Release|Any CPU
	EndGlobalSection
	GlobalSection(SolutionProperties) = preSolution
		HideSolutionNode = FALSE
	EndGlobalSection
	GlobalSection(ExtensibilityGlobals) = postSolution
		SolutionGuid = {F5FB7F64-FA7E-437C-B085-7212E360EF1F}
	EndGlobalSection
EndGlobal
